<?xml version="1.0" encoding="utf-8"?>
<Project ToolsVersion="4.0" xmlns="http://schemas.microsoft.com/developer/msbuild/2003">
  <ItemGroup>
    <Filter Include="win32">
      <UniqueIdentifier>{84a8ebd7-7cf0-47f6-b75e-d441df67da40}</UniqueIdentifier>
    </Filter>
    <Filter Include="resource">
      <UniqueIdentifier>{715254bc-d70b-4ec5-bf29-467dd3ace079}</UniqueIdentifier>
    </Filter>
    <Filter Include="src">
      <UniqueIdentifier>{bb6c862e-70e9-49d9-81b7-3829a6f50471}</UniqueIdentifier>
    </Filter>
    <Filter Include="src\UI">
      <UniqueIdentifier>{075f492a-1a3a-4b8d-97d3-00cd8d4a2ee0}</UniqueIdentifier>
    </Filter>
    <Filter Include="src\Scene">
      <UniqueIdentifier>{820d61f2-7b73-4edc-ac63-c256e6cbf2ff}</UniqueIdentifier>
    </Filter>
    <Filter Include="src\GameObject">
      <UniqueIdentifier>{9c7ad42c-6f89-4bca-ac3d-0d8c7f3d26af}</UniqueIdentifier>
    </Filter>
    <Filter Include="src\PlayerData">
      <UniqueIdentifier>{7287750f-c4e7-4d23-a629-f8d446d584fe}</UniqueIdentifier>
    </Filter>
    <Filter Include="src\UI\BitsPanel">
      <UniqueIdentifier>{1cb57efd-6985-4c5d-ba6f-462e9ab3b131}</UniqueIdentifier>
    </Filter>
    <Filter Include="src\UI\FleetPanel">
      <UniqueIdentifier>{2c31416d-4a2f-49f4-96c2-13448763330f}</UniqueIdentifier>
    </Filter>
  </ItemGroup>
  <ItemGroup>
    <ClCompile Include="main.cpp">
      <Filter>win32</Filter>
    </ClCompile>
    <ClCompile Include="..\Classes\GameObject\Ship.cpp">
      <Filter>src\GameObject</Filter>
    </ClCompile>
    <ClCompile Include="..\Classes\GameObject\Bit.cpp">
      <Filter>src\GameObject</Filter>
    </ClCompile>
    <ClCompile Include="..\Classes\Scene\SplashScene.cpp">
      <Filter>src\Scene</Filter>
    </ClCompile>
    <ClCompile Include="..\Classes\Scene\GameScene.cpp">
      <Filter>src\Scene</Filter>
    </ClCompile>
    <ClCompile Include="..\Classes\UI\World.cpp">
      <Filter>src\UI</Filter>
    </ClCompile>
    <ClCompile Include="..\Classes\UI\HUD.cpp">
      <Filter>src\UI</Filter>
    </ClCompile>
    <ClCompile Include="..\Classes\AppDelegate.cpp">
      <Filter>src</Filter>
    </ClCompile>
    <ClCompile Include="..\Classes\Util.cpp">
      <Filter>src</Filter>
    </ClCompile>
    <ClCompile Include="..\Classes\UI\PurchaseButton.cpp">
      <Filter>src\UI</Filter>
    </ClCompile>
    <ClCompile Include="..\Classes\PlayerData\Player.cpp">
      <Filter>src\PlayerData</Filter>
    </ClCompile>
    <ClCompile Include="..\Classes\GameObject\SquadronFactory.cpp">
      <Filter>src\GameObject</Filter>
    </ClCompile>
    <ClCompile Include="..\Classes\Scene\TestScene.cpp">
      <Filter>src\Scene</Filter>
    </ClCompile>
    <ClCompile Include="..\Classes\Input.cpp">
      <Filter>src</Filter>
    </ClCompile>
    <ClCompile Include="..\Classes\UI\Bits\BitsPanel.cpp">
      <Filter>src\UI\BitsPanel</Filter>
    </ClCompile>
    <ClCompile Include="..\Classes\UI\Bits\Generator.cpp">
      <Filter>src\UI\BitsPanel</Filter>
    </ClCompile>
    <ClCompile Include="..\Classes\UI\Bits\UpgradeItem.cpp">
      <Filter>src\UI\BitsPanel</Filter>
    </ClCompile>
    <ClCompile Include="..\Classes\UI\Fleet\FleetPanel.cpp">
      <Filter>src\UI\FleetPanel</Filter>
    </ClCompile>
    <ClCompile Include="..\Classes\UI\Fleet\SquadronPanel.cpp">
      <Filter>src\UI\FleetPanel</Filter>
    </ClCompile>
    <ClCompile Include="..\Classes\UI\Fleet\SquadronSlot.cpp">
      <Filter>src\UI\FleetPanel</Filter>
    </ClCompile>
    <ClCompile Include="..\Classes\UI\Fleet\SquadronCard.cpp">
      <Filter>src\UI\FleetPanel</Filter>
    </ClCompile>
    <ClCompile Include="..\Classes\GameObject\Snake.cpp">
      <Filter>src\GameObject</Filter>
    </ClCompile>
    <ClCompile Include="..\Classes\GameObject\Blossom.cpp">
      <Filter>src\GameObject</Filter>
    </ClCompile>
    <ClCompile Include="..\Classes\GameObject\Barrier.cpp">
      <Filter>src\GameObject</Filter>
    </ClCompile>
    <ClCompile Include="..\Classes\GameObject\Carrier.cpp">
      <Filter>src\GameObject</Filter>
    </ClCompile>
  </ItemGroup>
  <ItemGroup>
    <ClInclude Include="main.h">
      <Filter>win32</Filter>
    </ClInclude>
    <ClInclude Include="..\Classes\GameObject\Ship.h">
      <Filter>src\GameObject</Filter>
    </ClInclude>
    <ClInclude Include="..\Classes\GameObject\Bit.h">
      <Filter>src\GameObject</Filter>
    </ClInclude>
    <ClInclude Include="..\Classes\Scene\SplashScene.h">
      <Filter>src\Scene</Filter>
    </ClInclude>
    <ClInclude Include="..\Classes\Scene\GameScene.h">
      <Filter>src\Scene</Filter>
    </ClInclude>
    <ClInclude Include="..\Classes\UI\World.h">
      <Filter>src\UI</Filter>
    </ClInclude>
    <ClInclude Include="..\Classes\UI\HUD.h">
      <Filter>src\UI</Filter>
    </ClInclude>
    <ClInclude Include="..\Classes\Constants.h">
      <Filter>src</Filter>
    </ClInclude>
    <ClInclude Include="..\Classes\AppDelegate.h">
      <Filter>src</Filter>
    </ClInclude>
    <ClInclude Include="..\Classes\Util.h">
      <Filter>src</Filter>
    </ClInclude>
    <ClInclude Include="..\Classes\UI\PurchaseButton.h">
      <Filter>src\UI</Filter>
    </ClInclude>
    <ClInclude Include="..\Classes\PlayerData\Player.h">
      <Filter>src\PlayerData</Filter>
    </ClInclude>
    <ClInclude Include="..\Classes\Types.h">
      <Filter>src</Filter>
    </ClInclude>
    <ClInclude Include="..\Classes\GameObject\SquadronFactory.h">
      <Filter>src\GameObject</Filter>
    </ClInclude>
    <ClInclude Include="..\Classes\Scene\TestScene.h">
      <Filter>src\Scene</Filter>
    </ClInclude>
    <ClInclude Include="..\Classes\Input.h">
      <Filter>src</Filter>
    </ClInclude>
    <ClInclude Include="..\Classes\UI\Bits\BitsPanel.h">
      <Filter>src\UI\BitsPanel</Filter>
    </ClInclude>
    <ClInclude Include="..\Classes\UI\Bits\Generator.h">
      <Filter>src\UI\BitsPanel</Filter>
    </ClInclude>
    <ClInclude Include="..\Classes\UI\Bits\UpgradeItem.h">
      <Filter>src\UI\BitsPanel</Filter>
    </ClInclude>
    <ClInclude Include="..\Classes\UI\Fleet\FleetPanel.h">
      <Filter>src\UI\FleetPanel</Filter>
    </ClInclude>
    <ClInclude Include="..\Classes\UI\Fleet\SquadronPanel.h">
      <Filter>src\UI\FleetPanel</Filter>
    </ClInclude>
    <ClInclude Include="..\Classes\UI\Fleet\SquadronSlot.h">
      <Filter>src\UI\FleetPanel</Filter>
    </ClInclude>
    <ClInclude Include="..\Classes\UI\Fleet\SquadronCard.h">
      <Filter>src\UI\FleetPanel</Filter>
    </ClInclude>
    <ClInclude Include="..\Classes\GameObject\Snake.h">
      <Filter>src\GameObject</Filter>
    </ClInclude>
    <ClInclude Include="..\Classes\GameObject\Blossom.h">
      <Filter>src\GameObject</Filter>
    </ClInclude>
    <ClInclude Include="..\Classes\GameObject\Barrier.h">
      <Filter>src\GameObject</Filter>
    </ClInclude>
    <ClInclude Include="..\Classes\GameObject\Carrier.h">
      <Filter>src\GameObject</Filter>
    </ClInclude>
  </ItemGroup>
  <ItemGroup>
    <ResourceCompile Include="game.rc">
      <Filter>resource</Filter>
    </ResourceCompile>
  </ItemGroup>
</Project>